{
  "name": "pikmin-score-recognizer",
  "lockfileVersion": 3,
  "requires": true,
  "packages": {
    "": {
      "devDependencies": {
        "@types/jquery": "^3.5.19",
        "@types/numjs": "^0.16.4"
      }
    },
    "node_modules/@types/jquery": {
      "version": "3.5.19",
      "resolved": "https://registry.npmjs.org/@types/jquery/-/jquery-3.5.19.tgz",
      "integrity": "sha512-KFbmk+dXfphHGuVCmlopgcNRCegN/21mkeoD4BzuJhVH0SJW3Uo2mLuAwb6oqTNV79EsRp6J7yC1BbKymjpx/g==",
      "dev": true,
      "dependencies": {
        "@types/sizzle": "*"
      }
    },
    "node_modules/@types/ndarray": {
      "version": "1.0.11",
      "resolved": "https://registry.npmjs.org/@types/ndarray/-/ndarray-1.0.11.tgz",
      "integrity": "sha512-hOZVTN24zDHwCHaW7mF9n1vHJt83fZhNZ0YYRBwQGhA96yBWWDPTDDlqJatagHIOJB0a4xoNkNc+t/Cxd+6qUA==",
      "dev": true
    },
    "node_modules/@types/numjs": {
      "version": "0.16.4",
      "resolved": "https://registry.npmjs.org/@types/numjs/-/numjs-0.16.4.tgz",
      "integrity": "sha512-59eMImfToCG8yVDEXQbTMZvlGGrNjsN8ma3sd6CiGelp/rMUb+zT9kRQd+zm+TJdfyB6CXB2zlfNeSNMq12sVw==",
      "dev": true,
      "dependencies": {
        "@types/ndarray": "*"
      }
    },
    "node_modules/@types/sizzle": {
      "version": "2.3.3",
      "resolved": "https://registry.npmjs.org/@types/sizzle/-/sizzle-2.3.3.tgz",
      "integrity": "sha512-JYM8x9EGF163bEyhdJBpR2QX1R5naCJHC8ucJylJ3w9/CVBaskdQ8WqBf8MmQrd1kRvp/a4TS8HJ+bxzR7ZJYQ==",
      "dev": true
    }
  }
}
